{
  "name": "influxdbtest",
  "lockfileVersion": 2,
  "requires": true,
  "packages": {
    "": {
      "dependencies": {
        "influx": "^5.9.2"
      }
    },
    "node_modules/influx": {
      "version": "5.9.2",
      "resolved": "https://registry.npmjs.org/influx/-/influx-5.9.2.tgz",
      "integrity": "sha512-N2YRIQiwCO60BzmzEzTxyWj/hDNsce2CLSmki8S1qbRwwuKecfvC6n0OwJrFV70lk5CpU/sLsOZFIy6PP01nOA=="
    }
  },
  "dependencies": {
    "influx": {
      "version": "5.9.2",
      "resolved": "https://registry.npmjs.org/influx/-/influx-5.9.2.tgz",
      "integrity": "sha512-N2YRIQiwCO60BzmzEzTxyWj/hDNsce2CLSmki8S1qbRwwuKecfvC6n0OwJrFV70lk5CpU/sLsOZFIy6PP01nOA=="
    }
  }
}
